
Microsoft Visual Studio Solution File, Format Version 12.00
# Visual Studio Version 17
VisualStudioVersion = 17.1.32407.343
MinimumVisualStudioVersion = 10.0.40219.1
Project("{FAE04EC0-301F-11D3-BF4B-00C04F79EFBC}") = "POS_System", "POS_System\POS_System.csproj", "{F9B9820D-C52B-405C-9590-E52578C4C28A}"
EndProject
Global
	GlobalSection(SolutionConfigurationPlatforms) = preSolution
		Debug|Any CPU = Debug|Any CPU
		Release|Any CPU = Release|Any CPU
	EndGlobalSection
	GlobalSection(ProjectConfigurationPlatforms) = postSolution
		{F9B9820D-C52B-405C-9590-E52578C4C28A}.Debug|Any CPU.ActiveCfg = Debug|Any CPU
		{F9B9820D-C52B-405C-9590-E52578C4C28A}.Debug|Any CPU.Build.0 = Debug|Any CPU
		{F9B9820D-C52B-405C-9590-E52578C4C28A}.Release|Any CPU.ActiveCfg = Release|Any CPU
		{F9B9820D-C52B-405C-9590-E52578C4C28A}.Release|Any CPU.Build.0 = Release|Any CPU
	EndGlobalSection
	GlobalSection(SolutionProperties) = preSolution
		HideSolutionNode = FALSE
	EndGlobalSection
	GlobalSection(ExtensibilityGlobals) = postSolution
		SolutionGuid = {848ACC5D-F2AD-4105-91FA-2A0A9867C9FF}
	EndGlobalSection
EndGlobal
